
Microsoft Visual Studio Solution File, Format Version 12.00
# Visual Studio Version 16
VisualStudioVersion = 16.0.31702.278
MinimumVisualStudioVersion = 10.0.40219.1
Project("{FAE04EC0-301F-11D3-BF4B-00C04F79EFBC}") = "AAMaker", "AAMaker\AAMaker.csproj", "{8326C7B2-5F98-4E79-84EB-5B941DC04CFC}"
EndProject
Global
	GlobalSection(SolutionConfigurationPlatforms) = preSolution
		Debug|Any CPU = Debug|Any CPU
		Release|Any CPU = Release|Any CPU
	EndGlobalSection
	GlobalSection(ProjectConfigurationPlatforms) = postSolution
		{8326C7B2-5F98-4E79-84EB-5B941DC04CFC}.Debug|Any CPU.ActiveCfg = Debug|Any CPU
		{8326C7B2-5F98-4E79-84EB-5B941DC04CFC}.Debug|Any CPU.Build.0 = Debug|Any CPU
		{8326C7B2-5F98-4E79-84EB-5B941DC04CFC}.Release|Any CPU.ActiveCfg = Release|Any CPU
		{8326C7B2-5F98-4E79-84EB-5B941DC04CFC}.Release|Any CPU.Build.0 = Release|Any CPU
	EndGlobalSection
	GlobalSection(SolutionProperties) = preSolution
		HideSolutionNode = FALSE
	EndGlobalSection
	GlobalSection(ExtensibilityGlobals) = postSolution
		SolutionGuid = {48A35731-9150-4791-A716-27720103BD11}
	EndGlobalSection
EndGlobal
